
Microsoft Visual Studio Solution File, Format Version 12.00
Project("{FAE04EC0-301F-11D3-BF4B-00C04F79EFBC}") = "ConsoleApp70", "ConsoleApp70\ConsoleApp70.csproj", "{E827BC2D-475F-4BF2-A954-2423F1278A57}"
EndProject
Global
	GlobalSection(SolutionConfigurationPlatforms) = preSolution
		Debug|Any CPU = Debug|Any CPU
		Release|Any CPU = Release|Any CPU
	EndGlobalSection
	GlobalSection(ProjectConfigurationPlatforms) = postSolution
		{E827BC2D-475F-4BF2-A954-2423F1278A57}.Debug|Any CPU.ActiveCfg = Debug|Any CPU
		{E827BC2D-475F-4BF2-A954-2423F1278A57}.Debug|Any CPU.Build.0 = Debug|Any CPU
		{E827BC2D-475F-4BF2-A954-2423F1278A57}.Release|Any CPU.ActiveCfg = Release|Any CPU
		{E827BC2D-475F-4BF2-A954-2423F1278A57}.Release|Any CPU.Build.0 = Release|Any CPU
	EndGlobalSection
EndGlobal
